
Microsoft Visual Studio Solution File, Format Version 12.00
# Visual Studio Version 17
VisualStudioVersion = 17.8.34309.116
MinimumVisualStudioVersion = 10.0.40219.1
Project("{FAE04EC0-301F-11D3-BF4B-00C04F79EFBC}") = "OnlineShop.Catalog", "OnlineShop.Catalog\OnlineShop.Catalog.csproj", "{756A44F0-126D-4E44-9A43-A1CC75EAE9EB}"
EndProject
Project("{FAE04EC0-301F-11D3-BF4B-00C04F79EFBC}") = "OnlineShop.Catalog.Domain", "OnlineShop.Catalog.Domain\OnlineShop.Catalog.Domain.csproj", "{EC693545-AEF4-45A9-A2A6-2654EF740B99}"
EndProject
Project("{FAE04EC0-301F-11D3-BF4B-00C04F79EFBC}") = "OnlineShop.Catalog.Abstractions", "OnlineShop.Catalog.Abstrctions\OnlineShop.Catalog.Abstractions.csproj", "{4F585A23-C30E-40BD-9F75-65AF2637AFB9}"
EndProject
Project("{FAE04EC0-301F-11D3-BF4B-00C04F79EFBC}") = "OnlineShop.Catalog.Implementations", "OnlineShop.Catalog.Implementations\OnlineShop.Catalog.Implementations.csproj", "{8478ADDB-8091-4AC1-8595-AAEE969826A2}"
EndProject
Project("{FAE04EC0-301F-11D3-BF4B-00C04F79EFBC}") = "OnlineShop.Catalog.DataAccess", "OnlineShop.Catalog.DataAccess\OnlineShop.Catalog.DataAccess.csproj", "{C904F17E-04C0-4B4F-8212-559E3F3553CD}"
EndProject
Global
	GlobalSection(SolutionConfigurationPlatforms) = preSolution
		Debug|Any CPU = Debug|Any CPU
		Release|Any CPU = Release|Any CPU
	EndGlobalSection
	GlobalSection(ProjectConfigurationPlatforms) = postSolution
		{756A44F0-126D-4E44-9A43-A1CC75EAE9EB}.Debug|Any CPU.ActiveCfg = Debug|Any CPU
		{756A44F0-126D-4E44-9A43-A1CC75EAE9EB}.Debug|Any CPU.Build.0 = Debug|Any CPU
		{756A44F0-126D-4E44-9A43-A1CC75EAE9EB}.Release|Any CPU.ActiveCfg = Release|Any CPU
		{756A44F0-126D-4E44-9A43-A1CC75EAE9EB}.Release|Any CPU.Build.0 = Release|Any CPU
		{EC693545-AEF4-45A9-A2A6-2654EF740B99}.Debug|Any CPU.ActiveCfg = Debug|Any CPU
		{EC693545-AEF4-45A9-A2A6-2654EF740B99}.Debug|Any CPU.Build.0 = Debug|Any CPU
		{EC693545-AEF4-45A9-A2A6-2654EF740B99}.Release|Any CPU.ActiveCfg = Release|Any CPU
		{EC693545-AEF4-45A9-A2A6-2654EF740B99}.Release|Any CPU.Build.0 = Release|Any CPU
		{4F585A23-C30E-40BD-9F75-65AF2637AFB9}.Debug|Any CPU.ActiveCfg = Debug|Any CPU
		{4F585A23-C30E-40BD-9F75-65AF2637AFB9}.Debug|Any CPU.Build.0 = Debug|Any CPU
		{4F585A23-C30E-40BD-9F75-65AF2637AFB9}.Release|Any CPU.ActiveCfg = Release|Any CPU
		{4F585A23-C30E-40BD-9F75-65AF2637AFB9}.Release|Any CPU.Build.0 = Release|Any CPU
		{8478ADDB-8091-4AC1-8595-AAEE969826A2}.Debug|Any CPU.ActiveCfg = Debug|Any CPU
		{8478ADDB-8091-4AC1-8595-AAEE969826A2}.Debug|Any CPU.Build.0 = Debug|Any CPU
		{8478ADDB-8091-4AC1-8595-AAEE969826A2}.Release|Any CPU.ActiveCfg = Release|Any CPU
		{8478ADDB-8091-4AC1-8595-AAEE969826A2}.Release|Any CPU.Build.0 = Release|Any CPU
		{C904F17E-04C0-4B4F-8212-559E3F3553CD}.Debug|Any CPU.ActiveCfg = Debug|Any CPU
		{C904F17E-04C0-4B4F-8212-559E3F3553CD}.Debug|Any CPU.Build.0 = Debug|Any CPU
		{C904F17E-04C0-4B4F-8212-559E3F3553CD}.Release|Any CPU.ActiveCfg = Release|Any CPU
		{C904F17E-04C0-4B4F-8212-559E3F3553CD}.Release|Any CPU.Build.0 = Release|Any CPU
	EndGlobalSection
	GlobalSection(SolutionProperties) = preSolution
		HideSolutionNode = FALSE
	EndGlobalSection
	GlobalSection(ExtensibilityGlobals) = postSolution
		SolutionGuid = {7403707C-9495-4FAF-A852-B294387E3B31}
	EndGlobalSection
EndGlobal
